
Microsoft Visual Studio Solution File, Format Version 12.00
# Visual Studio Version 17
VisualStudioVersion = 17.4.33122.133
MinimumVisualStudioVersion = 10.0.40219.1
Project("{9A19103F-16F7-4668-BE54-9A1E7A4F7556}") = "MeDirect.Core.Domain", "MeDirect.Core.Domain\MeDirect.Core.Domain.csproj", "{D29B34A2-743F-4FB8-A5AA-A1931F8DB0F6}"
EndProject
Project("{9A19103F-16F7-4668-BE54-9A1E7A4F7556}") = "MeDirect.Inrastructure.Presistence", "MeDirect.Inrastructure.Presistence\MeDirect.Inrastructure.Presistence.csproj", "{35C6054D-253D-47EA-9F69-225C8FF6E60E}"
EndProject
Project("{9A19103F-16F7-4668-BE54-9A1E7A4F7556}") = "MeDirect.Presentation.API", "MeDirect.Presentation.API\MeDirect.Presentation.API.csproj", "{3DA53CB7-8FF2-4737-A9C9-FD9F1719F122}"
EndProject
Project("{FAE04EC0-301F-11D3-BF4B-00C04F79EFBC}") = "MeDirect.Core.Application", "MeDirect.Core.Application\MeDirect.Core.Application.csproj", "{624DBB39-B4A3-40B0-A2C0-39AEA10B788F}"
EndProject
Global
	GlobalSection(SolutionConfigurationPlatforms) = preSolution
		Debug|Any CPU = Debug|Any CPU
		Release|Any CPU = Release|Any CPU
	EndGlobalSection
	GlobalSection(ProjectConfigurationPlatforms) = postSolution
		{D29B34A2-743F-4FB8-A5AA-A1931F8DB0F6}.Debug|Any CPU.ActiveCfg = Debug|Any CPU
		{D29B34A2-743F-4FB8-A5AA-A1931F8DB0F6}.Debug|Any CPU.Build.0 = Debug|Any CPU
		{D29B34A2-743F-4FB8-A5AA-A1931F8DB0F6}.Release|Any CPU.ActiveCfg = Release|Any CPU
		{D29B34A2-743F-4FB8-A5AA-A1931F8DB0F6}.Release|Any CPU.Build.0 = Release|Any CPU
		{35C6054D-253D-47EA-9F69-225C8FF6E60E}.Debug|Any CPU.ActiveCfg = Debug|Any CPU
		{35C6054D-253D-47EA-9F69-225C8FF6E60E}.Debug|Any CPU.Build.0 = Debug|Any CPU
		{35C6054D-253D-47EA-9F69-225C8FF6E60E}.Release|Any CPU.ActiveCfg = Release|Any CPU
		{35C6054D-253D-47EA-9F69-225C8FF6E60E}.Release|Any CPU.Build.0 = Release|Any CPU
		{3DA53CB7-8FF2-4737-A9C9-FD9F1719F122}.Debug|Any CPU.ActiveCfg = Debug|Any CPU
		{3DA53CB7-8FF2-4737-A9C9-FD9F1719F122}.Debug|Any CPU.Build.0 = Debug|Any CPU
		{3DA53CB7-8FF2-4737-A9C9-FD9F1719F122}.Release|Any CPU.ActiveCfg = Release|Any CPU
		{3DA53CB7-8FF2-4737-A9C9-FD9F1719F122}.Release|Any CPU.Build.0 = Release|Any CPU
		{624DBB39-B4A3-40B0-A2C0-39AEA10B788F}.Debug|Any CPU.ActiveCfg = Debug|Any CPU
		{624DBB39-B4A3-40B0-A2C0-39AEA10B788F}.Debug|Any CPU.Build.0 = Debug|Any CPU
		{624DBB39-B4A3-40B0-A2C0-39AEA10B788F}.Release|Any CPU.ActiveCfg = Release|Any CPU
		{624DBB39-B4A3-40B0-A2C0-39AEA10B788F}.Release|Any CPU.Build.0 = Release|Any CPU
	EndGlobalSection
	GlobalSection(SolutionProperties) = preSolution
		HideSolutionNode = FALSE
	EndGlobalSection
	GlobalSection(ExtensibilityGlobals) = postSolution
		SolutionGuid = {25678FBB-208C-41BC-8354-F42FB491EC39}
	EndGlobalSection
EndGlobal
